{
  "name": "merge",
  "version": "0.0.0",
  "lockfileVersion": 1,
  "requires": true,
  "dependencies": {
    "@nebular/auth": {
      "version": "2.0.0-rc.8",
      "resolved": "https://registry.npmjs.org/@nebular/auth/-/auth-2.0.0-rc.8.tgz",
      "integrity": "sha512-uImudGbG2qcaTpimjJFyqRdxhjE62sQfqqzZcH//NsokXbC5+8YMfUMcX4SpPTYOpWsx4p9T4vEIUDJOoYIBnw=="
    },
    "@nebular/theme": {
      "version": "2.0.0-rc.8",
      "resolved": "https://registry.npmjs.org/@nebular/theme/-/theme-2.0.0-rc.8.tgz",
      "integrity": "sha512-1BLG4J0ElUOHMjIJQ6lSSzMK+8iaPX1brDVPI3Ol0O0FTiyCPVXugyK09/GNX2Of4xUIZqX7VvNYGywiJ7dUTw=="
    }
  }
}
